
Microsoft Visual Studio Solution File, Format Version 12.00
# Visual Studio 14
VisualStudioVersion = 14.0.25420.1
MinimumVisualStudioVersion = 10.0.40219.1
Project("{FAE04EC0-301F-11D3-BF4B-00C04F79EFBC}") = "Synapse.Core", "Synapse.Core\Synapse.Core.csproj", "{4464700A-50BA-4B62-BD7E-16628FDA8B94}"
EndProject
Project("{FAE04EC0-301F-11D3-BF4B-00C04F79EFBC}") = "Synapse.Tester", "Synapse.Tester\Synapse.Tester.csproj", "{A506B9A2-CA51-4B0B-B338-EFFF628C81FC}"
EndProject
Project("{FAE04EC0-301F-11D3-BF4B-00C04F79EFBC}") = "Synapse.cli", "Synapse.cli\Synapse.cli.csproj", "{A3A05D1B-E89F-49F3-9DD7-E0B25756FA33}"
EndProject
Project("{FAE04EC0-301F-11D3-BF4B-00C04F79EFBC}") = "Synapse.Wpf", "Synapse.Wpf\Synapse.Wpf.csproj", "{C3F810C9-7388-49F8-9548-392F37228975}"
EndProject
Project("{FAE04EC0-301F-11D3-BF4B-00C04F79EFBC}") = "Synapse.UnitTests", "Synapse.UnitTests\Synapse.UnitTests.csproj", "{49107C8F-8BD7-47EC-8267-B478071160B3}"
EndProject
Project("{FAE04EC0-301F-11D3-BF4B-00C04F79EFBC}") = "Synapse.Common", "Synapse.Common\Synapse.Common.csproj", "{683170DE-F380-4F2E-8B91-91C7C9180B2B}"
EndProject
Project("{FAE04EC0-301F-11D3-BF4B-00C04F79EFBC}") = "Synapse.NodeService", "Synapse.NodeService\Synapse.NodeService.csproj", "{4001A6C5-E5C7-4CFA-8543-263B33BF17C0}"
EndProject
Project("{FAE04EC0-301F-11D3-BF4B-00C04F79EFBC}") = "Synapse.NodeService.cli", "Synapse.NodeService.cli\Synapse.NodeService.cli.csproj", "{871FF00E-C7CA-48D7-92B2-B769333703A4}"
EndProject
Project("{FAE04EC0-301F-11D3-BF4B-00C04F79EFBC}") = "Synapse.NodeService.HttpClient", "Synapse.NodeService.HttpClient\Synapse.NodeService.HttpClient.csproj", "{67051FA7-2226-4411-B150-7C61B7C88233}"
EndProject
Global
	GlobalSection(SolutionConfigurationPlatforms) = preSolution
		Debug|Any CPU = Debug|Any CPU
		Release|Any CPU = Release|Any CPU
	EndGlobalSection
	GlobalSection(ProjectConfigurationPlatforms) = postSolution
		{4464700A-50BA-4B62-BD7E-16628FDA8B94}.Debug|Any CPU.ActiveCfg = Debug|Any CPU
		{4464700A-50BA-4B62-BD7E-16628FDA8B94}.Debug|Any CPU.Build.0 = Debug|Any CPU
		{4464700A-50BA-4B62-BD7E-16628FDA8B94}.Release|Any CPU.ActiveCfg = Release|Any CPU
		{4464700A-50BA-4B62-BD7E-16628FDA8B94}.Release|Any CPU.Build.0 = Release|Any CPU
		{A506B9A2-CA51-4B0B-B338-EFFF628C81FC}.Debug|Any CPU.ActiveCfg = Debug|Any CPU
		{A506B9A2-CA51-4B0B-B338-EFFF628C81FC}.Debug|Any CPU.Build.0 = Debug|Any CPU
		{A506B9A2-CA51-4B0B-B338-EFFF628C81FC}.Release|Any CPU.ActiveCfg = Release|Any CPU
		{A506B9A2-CA51-4B0B-B338-EFFF628C81FC}.Release|Any CPU.Build.0 = Release|Any CPU
		{A3A05D1B-E89F-49F3-9DD7-E0B25756FA33}.Debug|Any CPU.ActiveCfg = Debug|Any CPU
		{A3A05D1B-E89F-49F3-9DD7-E0B25756FA33}.Debug|Any CPU.Build.0 = Debug|Any CPU
		{A3A05D1B-E89F-49F3-9DD7-E0B25756FA33}.Release|Any CPU.ActiveCfg = Release|Any CPU
		{A3A05D1B-E89F-49F3-9DD7-E0B25756FA33}.Release|Any CPU.Build.0 = Release|Any CPU
		{C3F810C9-7388-49F8-9548-392F37228975}.Debug|Any CPU.ActiveCfg = Debug|Any CPU
		{C3F810C9-7388-49F8-9548-392F37228975}.Debug|Any CPU.Build.0 = Debug|Any CPU
		{C3F810C9-7388-49F8-9548-392F37228975}.Release|Any CPU.ActiveCfg = Release|Any CPU
		{C3F810C9-7388-49F8-9548-392F37228975}.Release|Any CPU.Build.0 = Release|Any CPU
		{49107C8F-8BD7-47EC-8267-B478071160B3}.Debug|Any CPU.ActiveCfg = Debug|Any CPU
		{49107C8F-8BD7-47EC-8267-B478071160B3}.Debug|Any CPU.Build.0 = Debug|Any CPU
		{49107C8F-8BD7-47EC-8267-B478071160B3}.Release|Any CPU.ActiveCfg = Release|Any CPU
		{49107C8F-8BD7-47EC-8267-B478071160B3}.Release|Any CPU.Build.0 = Release|Any CPU
		{683170DE-F380-4F2E-8B91-91C7C9180B2B}.Debug|Any CPU.ActiveCfg = Debug|Any CPU
		{683170DE-F380-4F2E-8B91-91C7C9180B2B}.Debug|Any CPU.Build.0 = Debug|Any CPU
		{683170DE-F380-4F2E-8B91-91C7C9180B2B}.Release|Any CPU.ActiveCfg = Release|Any CPU
		{683170DE-F380-4F2E-8B91-91C7C9180B2B}.Release|Any CPU.Build.0 = Release|Any CPU
		{4001A6C5-E5C7-4CFA-8543-263B33BF17C0}.Debug|Any CPU.ActiveCfg = Debug|Any CPU
		{4001A6C5-E5C7-4CFA-8543-263B33BF17C0}.Debug|Any CPU.Build.0 = Debug|Any CPU
		{4001A6C5-E5C7-4CFA-8543-263B33BF17C0}.Release|Any CPU.ActiveCfg = Release|Any CPU
		{4001A6C5-E5C7-4CFA-8543-263B33BF17C0}.Release|Any CPU.Build.0 = Release|Any CPU
		{871FF00E-C7CA-48D7-92B2-B769333703A4}.Debug|Any CPU.ActiveCfg = Debug|Any CPU
		{871FF00E-C7CA-48D7-92B2-B769333703A4}.Debug|Any CPU.Build.0 = Debug|Any CPU
		{871FF00E-C7CA-48D7-92B2-B769333703A4}.Release|Any CPU.ActiveCfg = Release|Any CPU
		{871FF00E-C7CA-48D7-92B2-B769333703A4}.Release|Any CPU.Build.0 = Release|Any CPU
		{67051FA7-2226-4411-B150-7C61B7C88233}.Debug|Any CPU.ActiveCfg = Debug|Any CPU
		{67051FA7-2226-4411-B150-7C61B7C88233}.Debug|Any CPU.Build.0 = Debug|Any CPU
		{67051FA7-2226-4411-B150-7C61B7C88233}.Release|Any CPU.ActiveCfg = Release|Any CPU
		{67051FA7-2226-4411-B150-7C61B7C88233}.Release|Any CPU.Build.0 = Release|Any CPU
	EndGlobalSection
	GlobalSection(SolutionProperties) = preSolution
		HideSolutionNode = FALSE
	EndGlobalSection
EndGlobal
