
Microsoft Visual Studio Solution File, Format Version 12.00
# Visual Studio 2013
VisualStudioVersion = 12.0.31101.0
MinimumVisualStudioVersion = 10.0.40219.1
Project("{FAE04EC0-301F-11D3-BF4B-00C04F79EFBC}") = "Synapse.Core", "Synapse.Core\Synapse.Core.csproj", "{4464700A-50BA-4B62-BD7E-16628FDA8B94}"
EndProject
Project("{FAE04EC0-301F-11D3-BF4B-00C04F79EFBC}") = "Synapse.Tester", "Synapse.Tester\Synapse.Tester.csproj", "{A506B9A2-CA51-4B0B-B338-EFFF628C81FC}"
EndProject
Project("{FAE04EC0-301F-11D3-BF4B-00C04F79EFBC}") = "Synapse.Service.Common", "Synapse.Service.Common\Synapse.Service.Common.csproj", "{683170DE-F380-4F2E-8B91-91C7C9180B2B}"
EndProject
Project("{FAE04EC0-301F-11D3-BF4B-00C04F79EFBC}") = "Synapse.Service.Windows", "Synapse.Service.Windows\Synapse.Service.Windows.csproj", "{4001A6C5-E5C7-4CFA-8543-263B33BF17C0}"
EndProject
Global
	GlobalSection(SolutionConfigurationPlatforms) = preSolution
		Debug|Any CPU = Debug|Any CPU
		Release|Any CPU = Release|Any CPU
	EndGlobalSection
	GlobalSection(ProjectConfigurationPlatforms) = postSolution
		{4464700A-50BA-4B62-BD7E-16628FDA8B94}.Debug|Any CPU.ActiveCfg = Debug|Any CPU
		{4464700A-50BA-4B62-BD7E-16628FDA8B94}.Debug|Any CPU.Build.0 = Debug|Any CPU
		{4464700A-50BA-4B62-BD7E-16628FDA8B94}.Release|Any CPU.ActiveCfg = Release|Any CPU
		{4464700A-50BA-4B62-BD7E-16628FDA8B94}.Release|Any CPU.Build.0 = Release|Any CPU
		{A506B9A2-CA51-4B0B-B338-EFFF628C81FC}.Debug|Any CPU.ActiveCfg = Debug|Any CPU
		{A506B9A2-CA51-4B0B-B338-EFFF628C81FC}.Debug|Any CPU.Build.0 = Debug|Any CPU
		{A506B9A2-CA51-4B0B-B338-EFFF628C81FC}.Release|Any CPU.ActiveCfg = Release|Any CPU
		{A506B9A2-CA51-4B0B-B338-EFFF628C81FC}.Release|Any CPU.Build.0 = Release|Any CPU
		{683170DE-F380-4F2E-8B91-91C7C9180B2B}.Debug|Any CPU.ActiveCfg = Debug|Any CPU
		{683170DE-F380-4F2E-8B91-91C7C9180B2B}.Debug|Any CPU.Build.0 = Debug|Any CPU
		{683170DE-F380-4F2E-8B91-91C7C9180B2B}.Release|Any CPU.ActiveCfg = Release|Any CPU
		{683170DE-F380-4F2E-8B91-91C7C9180B2B}.Release|Any CPU.Build.0 = Release|Any CPU
		{4001A6C5-E5C7-4CFA-8543-263B33BF17C0}.Debug|Any CPU.ActiveCfg = Debug|Any CPU
		{4001A6C5-E5C7-4CFA-8543-263B33BF17C0}.Debug|Any CPU.Build.0 = Debug|Any CPU
		{4001A6C5-E5C7-4CFA-8543-263B33BF17C0}.Release|Any CPU.ActiveCfg = Release|Any CPU
		{4001A6C5-E5C7-4CFA-8543-263B33BF17C0}.Release|Any CPU.Build.0 = Release|Any CPU
	EndGlobalSection
	GlobalSection(SolutionProperties) = preSolution
		HideSolutionNode = FALSE
	EndGlobalSection
EndGlobal
